
Microsoft Visual Studio Solution File, Format Version 12.00
# Visual Studio 15
VisualStudioVersion = 15.0.28307.1062
MinimumVisualStudioVersion = 10.0.40219.1
Project("{00D1A9C2-B5F0-4AF3-8072-F6C62B433612}") = "MetadataTracking", "MetadataTracking.sqlproj", "{53C3CE9C-04E0-4DCC-977B-9C20978924BD}"
EndProject
Global
	GlobalSection(SolutionConfigurationPlatforms) = preSolution
		Debug|Any CPU = Debug|Any CPU
		Release|Any CPU = Release|Any CPU
	EndGlobalSection
	GlobalSection(ProjectConfigurationPlatforms) = postSolution
		{53C3CE9C-04E0-4DCC-977B-9C20978924BD}.Debug|Any CPU.ActiveCfg = Debug|Any CPU
		{53C3CE9C-04E0-4DCC-977B-9C20978924BD}.Debug|Any CPU.Build.0 = Debug|Any CPU
		{53C3CE9C-04E0-4DCC-977B-9C20978924BD}.Debug|Any CPU.Deploy.0 = Debug|Any CPU
		{53C3CE9C-04E0-4DCC-977B-9C20978924BD}.Release|Any CPU.ActiveCfg = Release|Any CPU
		{53C3CE9C-04E0-4DCC-977B-9C20978924BD}.Release|Any CPU.Build.0 = Release|Any CPU
		{53C3CE9C-04E0-4DCC-977B-9C20978924BD}.Release|Any CPU.Deploy.0 = Release|Any CPU
	EndGlobalSection
	GlobalSection(SolutionProperties) = preSolution
		HideSolutionNode = FALSE
	EndGlobalSection
	GlobalSection(ExtensibilityGlobals) = postSolution
		SolutionGuid = {CEF965A2-11A5-46D2-8A5C-B1ACA937EA33}
	EndGlobalSection
EndGlobal
